// !$*UTF8*$!
{
	archiveVersion = 1;
	classes = {
	};
	objectVersion = 48;
	objects = {

/* Begin PBXBuildFile section */
		3B9E25F0CBE80AF1A24CCEE5 /* libPods-DMPlayer.a in Frameworks */ = {isa = PBXBuildFile; fileRef = FE2B7164A59049513EAFBCA8 /* libPods-DMPlayer.a */; };
		6B53A4F3200F5D1A004D0877 /* AppDelegate.m in Sources */ = {isa = PBXBuildFile; fileRef = 6B53A4F2200F5D1A004D0877 /* AppDelegate.m */; };
		6B53A4F6200F5D1A004D0877 /* ViewController.m in Sources */ = {isa = PBXBuildFile; fileRef = 6B53A4F5200F5D1A004D0877 /* ViewController.m */; };
		6B53A4F9200F5D1A004D0877 /* Main.storyboard in Resources */ = {isa = PBXBuildFile; fileRef = 6B53A4F7200F5D1A004D0877 /* Main.storyboard */; };
		6B53A4FB200F5D1A004D0877 /* Assets.xcassets in Resources */ = {isa = PBXBuildFile; fileRef = 6B53A4FA200F5D1A004D0877 /* Assets.xcassets */; };
		6B53A4FE200F5D1A004D0877 /* LaunchScreen.storyboard in Resources */ = {isa = PBXBuildFile; fileRef = 6B53A4FC200F5D1A004D0877 /* LaunchScreen.storyboard */; };
		6B53A501200F5D1A004D0877 /* main.m in Sources */ = {isa = PBXBuildFile; fileRef = 6B53A500200F5D1A004D0877 /* main.m */; };
		6B53A50D200F6155004D0877 /* LLPlayerView.m in Sources */ = {isa = PBXBuildFile; fileRef = 6B53A50C200F6155004D0877 /* LLPlayerView.m */; };
		6B53A510200F61B0004D0877 /* LLPlaybackControlView.m in Sources */ = {isa = PBXBuildFile; fileRef = 6B53A50F200F61B0004D0877 /* LLPlaybackControlView.m */; };
		6B53A51620104CE1004D0877 /* LLPlayerModel.m in Sources */ = {isa = PBXBuildFile; fileRef = 6B53A51520104CE1004D0877 /* LLPlayerModel.m */; };
		6BD1A1A52011E9B900104B78 /* NSNumber+LL.m in Sources */ = {isa = PBXBuildFile; fileRef = 6BD1A1A42011E9B900104B78 /* NSNumber+LL.m */; };
		6BD1A1AB2015D19D00104B78 /* UIViewController+LLOrientation.m in Sources */ = {isa = PBXBuildFile; fileRef = 6BD1A1AA2015D19D00104B78 /* UIViewController+LLOrientation.m */; };
		6BD1A1AE2015D4C900104B78 /* DMVideoListViewController.m in Sources */ = {isa = PBXBuildFile; fileRef = 6BD1A1AD2015D4C900104B78 /* DMVideoListViewController.m */; };
		6BD1A1B12015D4D800104B78 /* DMTopViewController.m in Sources */ = {isa = PBXBuildFile; fileRef = 6BD1A1B02015D4D800104B78 /* DMTopViewController.m */; };
		6BD1A1B42015D4E200104B78 /* DMMiddleViewController.m in Sources */ = {isa = PBXBuildFile; fileRef = 6BD1A1B32015D4E200104B78 /* DMMiddleViewController.m */; };
		9EAAAB15200F8CBE00AB82F5 /* LLPlayer.xcassets in Resources */ = {isa = PBXBuildFile; fileRef = 9EAAAB14200F8CBE00AB82F5 /* LLPlayer.xcassets */; };
		9EAAAB18200F976000AB82F5 /* UIColor+LL.m in Sources */ = {isa = PBXBuildFile; fileRef = 9EAAAB17200F976000AB82F5 /* UIColor+LL.m */; };
/* End PBXBuildFile section */

/* Begin PBXFileReference section */
		0ED297515B5F3FB5AAD9DC28 /* Pods-DMPlayer.release.xcconfig */ = {isa = PBXFileReference; includeInIndex = 1; lastKnownFileType = text.xcconfig; name = "Pods-DMPlayer.release.xcconfig"; path = "Pods/Target Support Files/Pods-DMPlayer/Pods-DMPlayer.release.xcconfig"; sourceTree = "<group>"; };
		6B53A4EE200F5D1A004D0877 /* DMPlayer.app */ = {isa = PBXFileReference; explicitFileType = wrapper.application; includeInIndex = 0; path = DMPlayer.app; sourceTree = BUILT_PRODUCTS_DIR; };
		6B53A4F1200F5D1A004D0877 /* AppDelegate.h */ = {isa = PBXFileReference; lastKnownFileType = sourcecode.c.h; path = AppDelegate.h; sourceTree = "<group>"; };
		6B53A4F2200F5D1A004D0877 /* AppDelegate.m */ = {isa = PBXFileReference; lastKnownFileType = sourcecode.c.objc; path = AppDelegate.m; sourceTree = "<group>"; };
		6B53A4F4200F5D1A004D0877 /* ViewController.h */ = {isa = PBXFileReference; lastKnownFileType = sourcecode.c.h; path = ViewController.h; sourceTree = "<group>"; };
		6B53A4F5200F5D1A004D0877 /* ViewController.m */ = {isa = PBXFileReference; lastKnownFileType = sourcecode.c.objc; path = ViewController.m; sourceTree = "<group>"; };
		6B53A4F8200F5D1A004D0877 /* Base */ = {isa = PBXFileReference; lastKnownFileType = file.storyboard; name = Base; path = Base.lproj/Main.storyboard; sourceTree = "<group>"; };
		6B53A4FA200F5D1A004D0877 /* Assets.xcassets */ = {isa = PBXFileReference; lastKnownFileType = folder.assetcatalog; path = Assets.xcassets; sourceTree = "<group>"; };
		6B53A4FD200F5D1A004D0877 /* Base */ = {isa = PBXFileReference; lastKnownFileType = file.storyboard; name = Base; path = Base.lproj/LaunchScreen.storyboard; sourceTree = "<group>"; };
		6B53A4FF200F5D1A004D0877 /* Info.plist */ = {isa = PBXFileReference; lastKnownFileType = text.plist.xml; path = Info.plist; sourceTree = "<group>"; };
		6B53A500200F5D1A004D0877 /* main.m */ = {isa = PBXFileReference; lastKnownFileType = sourcecode.c.objc; path = main.m; sourceTree = "<group>"; };
		6B53A50B200F6155004D0877 /* LLPlayerView.h */ = {isa = PBXFileReference; lastKnownFileType = sourcecode.c.h; path = LLPlayerView.h; sourceTree = "<group>"; };
		6B53A50C200F6155004D0877 /* LLPlayerView.m */ = {isa = PBXFileReference; lastKnownFileType = sourcecode.c.objc; path = LLPlayerView.m; sourceTree = "<group>"; };
		6B53A50E200F61B0004D0877 /* LLPlaybackControlView.h */ = {isa = PBXFileReference; lastKnownFileType = sourcecode.c.h; path = LLPlaybackControlView.h; sourceTree = "<group>"; };
		6B53A50F200F61B0004D0877 /* LLPlaybackControlView.m */ = {isa = PBXFileReference; lastKnownFileType = sourcecode.c.objc; path = LLPlaybackControlView.m; sourceTree = "<group>"; };
		6B53A512200F6264004D0877 /* LLPlayerConfigure.h */ = {isa = PBXFileReference; lastKnownFileType = sourcecode.c.h; path = LLPlayerConfigure.h; sourceTree = "<group>"; };
		6B53A51320104C7F004D0877 /* LLPlayerModelProtocol.h */ = {isa = PBXFileReference; lastKnownFileType = sourcecode.c.h; path = LLPlayerModelProtocol.h; sourceTree = "<group>"; };
		6B53A51420104CE1004D0877 /* LLPlayerModel.h */ = {isa = PBXFileReference; lastKnownFileType = sourcecode.c.h; path = LLPlayerModel.h; sourceTree = "<group>"; };
		6B53A51520104CE1004D0877 /* LLPlayerModel.m */ = {isa = PBXFileReference; lastKnownFileType = sourcecode.c.objc; path = LLPlayerModel.m; sourceTree = "<group>"; };
		6B53A51720108AF6004D0877 /* LLPlaybackControlDelegate.h */ = {isa = PBXFileReference; lastKnownFileType = sourcecode.c.h; path = LLPlaybackControlDelegate.h; sourceTree = "<group>"; };
		6B53A51820108B21004D0877 /* LLPlaybackControlViewProtocol.h */ = {isa = PBXFileReference; lastKnownFileType = sourcecode.c.h; path = LLPlaybackControlViewProtocol.h; sourceTree = "<group>"; };
		6BD1A1A32011E9B900104B78 /* NSNumber+LL.h */ = {isa = PBXFileReference; lastKnownFileType = sourcecode.c.h; path = "NSNumber+LL.h"; sourceTree = "<group>"; };
		6BD1A1A42011E9B900104B78 /* NSNumber+LL.m */ = {isa = PBXFileReference; lastKnownFileType = sourcecode.c.objc; path = "NSNumber+LL.m"; sourceTree = "<group>"; };
		6BD1A1A92015D19D00104B78 /* UIViewController+LLOrientation.h */ = {isa = PBXFileReference; lastKnownFileType = sourcecode.c.h; path = "UIViewController+LLOrientation.h"; sourceTree = "<group>"; };
		6BD1A1AA2015D19D00104B78 /* UIViewController+LLOrientation.m */ = {isa = PBXFileReference; lastKnownFileType = sourcecode.c.objc; path = "UIViewController+LLOrientation.m"; sourceTree = "<group>"; };
		6BD1A1AC2015D4C900104B78 /* DMVideoListViewController.h */ = {isa = PBXFileReference; lastKnownFileType = sourcecode.c.h; path = DMVideoListViewController.h; sourceTree = "<group>"; };
		6BD1A1AD2015D4C900104B78 /* DMVideoListViewController.m */ = {isa = PBXFileReference; lastKnownFileType = sourcecode.c.objc; path = DMVideoListViewController.m; sourceTree = "<group>"; };
		6BD1A1AF2015D4D800104B78 /* DMTopViewController.h */ = {isa = PBXFileReference; lastKnownFileType = sourcecode.c.h; path = DMTopViewController.h; sourceTree = "<group>"; };
		6BD1A1B02015D4D800104B78 /* DMTopViewController.m */ = {isa = PBXFileReference; lastKnownFileType = sourcecode.c.objc; path = DMTopViewController.m; sourceTree = "<group>"; };
		6BD1A1B22015D4E200104B78 /* DMMiddleViewController.h */ = {isa = PBXFileReference; lastKnownFileType = sourcecode.c.h; path = DMMiddleViewController.h; sourceTree = "<group>"; };
		6BD1A1B32015D4E200104B78 /* DMMiddleViewController.m */ = {isa = PBXFileReference; lastKnownFileType = sourcecode.c.objc; path = DMMiddleViewController.m; sourceTree = "<group>"; };
		9EAAAB14200F8CBE00AB82F5 /* LLPlayer.xcassets */ = {isa = PBXFileReference; lastKnownFileType = folder.assetcatalog; path = LLPlayer.xcassets; sourceTree = "<group>"; };
		9EAAAB16200F976000AB82F5 /* UIColor+LL.h */ = {isa = PBXFileReference; lastKnownFileType = sourcecode.c.h; path = "UIColor+LL.h"; sourceTree = "<group>"; };
		9EAAAB17200F976000AB82F5 /* UIColor+LL.m */ = {isa = PBXFileReference; lastKnownFileType = sourcecode.c.objc; path = "UIColor+LL.m"; sourceTree = "<group>"; };
		FCB175FD85D9B497F20CDEB8 /* Pods-DMPlayer.debug.xcconfig */ = {isa = PBXFileReference; includeInIndex = 1; lastKnownFileType = text.xcconfig; name = "Pods-DMPlayer.debug.xcconfig"; path = "Pods/Target Support Files/Pods-DMPlayer/Pods-DMPlayer.debug.xcconfig"; sourceTree = "<group>"; };
		FE2B7164A59049513EAFBCA8 /* libPods-DMPlayer.a */ = {isa = PBXFileReference; explicitFileType = archive.ar; includeInIndex = 0; path = "libPods-DMPlayer.a"; sourceTree = BUILT_PRODUCTS_DIR; };
/* End PBXFileReference section */

/* Begin PBXFrameworksBuildPhase section */
		6B53A4EB200F5D1A004D0877 /* Frameworks */ = {
			isa = PBXFrameworksBuildPhase;
			buildActionMask = 2147483647;
			files = (
				3B9E25F0CBE80AF1A24CCEE5 /* libPods-DMPlayer.a in Frameworks */,
			);
			runOnlyForDeploymentPostprocessing = 0;
		};
/* End PBXFrameworksBuildPhase section */

/* Begin PBXGroup section */
		6B53A4E5200F5D19004D0877 = {
			isa = PBXGroup;
			children = (
				6B53A4F0200F5D1A004D0877 /* DMPlayer */,
				6B53A4EF200F5D1A004D0877 /* Products */,
				FD4C27286224374F009E7D33 /* Pods */,
				EDE6D75A6B57AE84A0CF60A8 /* Frameworks */,
			);
			sourceTree = "<group>";
		};
		6B53A4EF200F5D1A004D0877 /* Products */ = {
			isa = PBXGroup;
			children = (
				6B53A4EE200F5D1A004D0877 /* DMPlayer.app */,
			);
			name = Products;
			sourceTree = "<group>";
		};
		6B53A4F0200F5D1A004D0877 /* DMPlayer */ = {
			isa = PBXGroup;
			children = (
				6B53A507200F60A5004D0877 /* DMPlayer */,
				6B53A4F1200F5D1A004D0877 /* AppDelegate.h */,
				6B53A4F2200F5D1A004D0877 /* AppDelegate.m */,
				6B53A4F4200F5D1A004D0877 /* ViewController.h */,
				6B53A4F5200F5D1A004D0877 /* ViewController.m */,
				6BD1A1AC2015D4C900104B78 /* DMVideoListViewController.h */,
				6BD1A1AD2015D4C900104B78 /* DMVideoListViewController.m */,
				6BD1A1AF2015D4D800104B78 /* DMTopViewController.h */,
				6BD1A1B02015D4D800104B78 /* DMTopViewController.m */,
				6BD1A1B22015D4E200104B78 /* DMMiddleViewController.h */,
				6BD1A1B32015D4E200104B78 /* DMMiddleViewController.m */,
				6B53A4F7200F5D1A004D0877 /* Main.storyboard */,
				6B53A4FA200F5D1A004D0877 /* Assets.xcassets */,
				6B53A4FC200F5D1A004D0877 /* LaunchScreen.storyboard */,
				6B53A4FF200F5D1A004D0877 /* Info.plist */,
				6B53A500200F5D1A004D0877 /* main.m */,
			);
			path = DMPlayer;
			sourceTree = "<group>";
		};
		6B53A507200F60A5004D0877 /* DMPlayer */ = {
			isa = PBXGroup;
			children = (
				9EAAAB16200F976000AB82F5 /* UIColor+LL.h */,
				9EAAAB17200F976000AB82F5 /* UIColor+LL.m */,
				6BD1A1A32011E9B900104B78 /* NSNumber+LL.h */,
				6BD1A1A42011E9B900104B78 /* NSNumber+LL.m */,
				6BD1A1A92015D19D00104B78 /* UIViewController+LLOrientation.h */,
				6BD1A1AA2015D19D00104B78 /* UIViewController+LLOrientation.m */,
				6B53A50B200F6155004D0877 /* LLPlayerView.h */,
				6B53A50C200F6155004D0877 /* LLPlayerView.m */,
				6B53A50E200F61B0004D0877 /* LLPlaybackControlView.h */,
				6B53A50F200F61B0004D0877 /* LLPlaybackControlView.m */,
				6B53A51820108B21004D0877 /* LLPlaybackControlViewProtocol.h */,
				6B53A51720108AF6004D0877 /* LLPlaybackControlDelegate.h */,
				6B53A51320104C7F004D0877 /* LLPlayerModelProtocol.h */,
				6B53A51420104CE1004D0877 /* LLPlayerModel.h */,
				6B53A51520104CE1004D0877 /* LLPlayerModel.m */,
				6B53A512200F6264004D0877 /* LLPlayerConfigure.h */,
				9EAAAB14200F8CBE00AB82F5 /* LLPlayer.xcassets */,
			);
			path = DMPlayer;
			sourceTree = "<group>";
		};
		EDE6D75A6B57AE84A0CF60A8 /* Frameworks */ = {
			isa = PBXGroup;
			children = (
				FE2B7164A59049513EAFBCA8 /* libPods-DMPlayer.a */,
			);
			name = Frameworks;
			sourceTree = "<group>";
		};
		FD4C27286224374F009E7D33 /* Pods */ = {
			isa = PBXGroup;
			children = (
				FCB175FD85D9B497F20CDEB8 /* Pods-DMPlayer.debug.xcconfig */,
				0ED297515B5F3FB5AAD9DC28 /* Pods-DMPlayer.release.xcconfig */,
			);
			name = Pods;
			sourceTree = "<group>";
		};
/* End PBXGroup section */

/* Begin PBXNativeTarget section */
		6B53A4ED200F5D1A004D0877 /* DMPlayer */ = {
			isa = PBXNativeTarget;
			buildConfigurationList = 6B53A504200F5D1A004D0877 /* Build configuration list for PBXNativeTarget "DMPlayer" */;
			buildPhases = (
				D81E0046FBCB8FF6A70BD137 /* [CP] Check Pods Manifest.lock */,
				6B53A4EA200F5D1A004D0877 /* Sources */,
				6B53A4EB200F5D1A004D0877 /* Frameworks */,
				6B53A4EC200F5D1A004D0877 /* Resources */,
				4F2E12980392E3EBE5B9BD17 /* [CP] Embed Pods Frameworks */,
				52AA4A4E537B917E938A43DE /* [CP] Copy Pods Resources */,
			);
			buildRules = (
			);
			dependencies = (
			);
			name = DMPlayer;
			productName = DMPlayer;
			productReference = 6B53A4EE200F5D1A004D0877 /* DMPlayer.app */;
			productType = "com.apple.product-type.application";
		};
/* End PBXNativeTarget section */

/* Begin PBXProject section */
		6B53A4E6200F5D1A004D0877 /* Project object */ = {
			isa = PBXProject;
			attributes = {
				LastUpgradeCheck = 0920;
				ORGANIZATIONNAME = lbq;
				TargetAttributes = {
					6B53A4ED200F5D1A004D0877 = {
						CreatedOnToolsVersion = 9.2;
						ProvisioningStyle = Manual;
					};
				};
			};
			buildConfigurationList = 6B53A4E9200F5D1A004D0877 /* Build configuration list for PBXProject "DMPlayer" */;
			compatibilityVersion = "Xcode 8.0";
			developmentRegion = en;
			hasScannedForEncodings = 0;
			knownRegions = (
				en,
				Base,
			);
			mainGroup = 6B53A4E5200F5D19004D0877;
			productRefGroup = 6B53A4EF200F5D1A004D0877 /* Products */;
			projectDirPath = "";
			projectRoot = "";
			targets = (
				6B53A4ED200F5D1A004D0877 /* DMPlayer */,
			);
		};
/* End PBXProject section */

/* Begin PBXResourcesBuildPhase section */
		6B53A4EC200F5D1A004D0877 /* Resources */ = {
			isa = PBXResourcesBuildPhase;
			buildActionMask = 2147483647;
			files = (
				6B53A4FE200F5D1A004D0877 /* LaunchScreen.storyboard in Resources */,
				6B53A4FB200F5D1A004D0877 /* Assets.xcassets in Resources */,
				9EAAAB15200F8CBE00AB82F5 /* LLPlayer.xcassets in Resources */,
				6B53A4F9200F5D1A004D0877 /* Main.storyboard in Resources */,
			);
			runOnlyForDeploymentPostprocessing = 0;
		};
/* End PBXResourcesBuildPhase section */

/* Begin PBXShellScriptBuildPhase section */
		4F2E12980392E3EBE5B9BD17 /* [CP] Embed Pods Frameworks */ = {
			isa = PBXShellScriptBuildPhase;
			buildActionMask = 2147483647;
			files = (
			);
			inputPaths = (
			);
			name = "[CP] Embed Pods Frameworks";
			outputPaths = (
			);
			runOnlyForDeploymentPostprocessing = 0;
			shellPath = /bin/sh;
			shellScript = "\"${SRCROOT}/Pods/Target Support Files/Pods-DMPlayer/Pods-DMPlayer-frameworks.sh\"\n";
			showEnvVarsInLog = 0;
		};
		52AA4A4E537B917E938A43DE /* [CP] Copy Pods Resources */ = {
			isa = PBXShellScriptBuildPhase;
			buildActionMask = 2147483647;
			files = (
			);
			inputPaths = (
			);
			name = "[CP] Copy Pods Resources";
			outputPaths = (
			);
			runOnlyForDeploymentPostprocessing = 0;
			shellPath = /bin/sh;
			shellScript = "\"${SRCROOT}/Pods/Target Support Files/Pods-DMPlayer/Pods-DMPlayer-resources.sh\"\n";
			showEnvVarsInLog = 0;
		};
		D81E0046FBCB8FF6A70BD137 /* [CP] Check Pods Manifest.lock */ = {
			isa = PBXShellScriptBuildPhase;
			buildActionMask = 2147483647;
			files = (
			);
			inputPaths = (
				"${PODS_PODFILE_DIR_PATH}/Podfile.lock",
				"${PODS_ROOT}/Manifest.lock",
			);
			name = "[CP] Check Pods Manifest.lock";
			outputPaths = (
				"$(DERIVED_FILE_DIR)/Pods-DMPlayer-checkManifestLockResult.txt",
			);
			runOnlyForDeploymentPostprocessing = 0;
			shellPath = /bin/sh;
			shellScript = "diff \"${PODS_PODFILE_DIR_PATH}/Podfile.lock\" \"${PODS_ROOT}/Manifest.lock\" > /dev/null\nif [ $? != 0 ] ; then\n    # print error to STDERR\n    echo \"error: The sandbox is not in sync with the Podfile.lock. Run 'pod install' or update your CocoaPods installation.\" >&2\n    exit 1\nfi\n";
			showEnvVarsInLog = 0;
		};
/* End PBXShellScriptBuildPhase section */

/* Begin PBXSourcesBuildPhase section */
		6B53A4EA200F5D1A004D0877 /* Sources */ = {
			isa = PBXSourcesBuildPhase;
			buildActionMask = 2147483647;
			files = (
				6B53A510200F61B0004D0877 /* LLPlaybackControlView.m in Sources */,
				6B53A4F6200F5D1A004D0877 /* ViewController.m in Sources */,
				6B53A50D200F6155004D0877 /* LLPlayerView.m in Sources */,
				6BD1A1B12015D4D800104B78 /* DMTopViewController.m in Sources */,
				6BD1A1AB2015D19D00104B78 /* UIViewController+LLOrientation.m in Sources */,
				6B53A51620104CE1004D0877 /* LLPlayerModel.m in Sources */,
				6BD1A1AE2015D4C900104B78 /* DMVideoListViewController.m in Sources */,
				9EAAAB18200F976000AB82F5 /* UIColor+LL.m in Sources */,
				6BD1A1A52011E9B900104B78 /* NSNumber+LL.m in Sources */,
				6B53A501200F5D1A004D0877 /* main.m in Sources */,
				6BD1A1B42015D4E200104B78 /* DMMiddleViewController.m in Sources */,
				6B53A4F3200F5D1A004D0877 /* AppDelegate.m in Sources */,
			);
			runOnlyForDeploymentPostprocessing = 0;
		};
/* End PBXSourcesBuildPhase section */

/* Begin PBXVariantGroup section */
		6B53A4F7200F5D1A004D0877 /* Main.storyboard */ = {
			isa = PBXVariantGroup;
			children = (
				6B53A4F8200F5D1A004D0877 /* Base */,
			);
			name = Main.storyboard;
			sourceTree = "<group>";
		};
		6B53A4FC200F5D1A004D0877 /* LaunchScreen.storyboard */ = {
			isa = PBXVariantGroup;
			children = (
				6B53A4FD200F5D1A004D0877 /* Base */,
			);
			name = LaunchScreen.storyboard;
			sourceTree = "<group>";
		};
/* End PBXVariantGroup section */

/* Begin XCBuildConfiguration section */
		6B53A502200F5D1A004D0877 /* Debug */ = {
			isa = XCBuildConfiguration;
			buildSettings = {
				ALWAYS_SEARCH_USER_PATHS = NO;
				CLANG_ANALYZER_NONNULL = YES;
				CLANG_ANALYZER_NUMBER_OBJECT_CONVERSION = YES_AGGRESSIVE;
				CLANG_CXX_LANGUAGE_STANDARD = "gnu++14";
				CLANG_CXX_LIBRARY = "libc++";
				CLANG_ENABLE_MODULES = YES;
				CLANG_ENABLE_OBJC_ARC = YES;
				CLANG_WARN_BLOCK_CAPTURE_AUTORELEASING = YES;
				CLANG_WARN_BOOL_CONVERSION = YES;
				CLANG_WARN_COMMA = YES;
				CLANG_WARN_CONSTANT_CONVERSION = YES;
				CLANG_WARN_DIRECT_OBJC_ISA_USAGE = YES_ERROR;
				CLANG_WARN_DOCUMENTATION_COMMENTS = YES;
				CLANG_WARN_EMPTY_BODY = YES;
				CLANG_WARN_ENUM_CONVERSION = YES;
				CLANG_WARN_INFINITE_RECURSION = YES;
				CLANG_WARN_INT_CONVERSION = YES;
				CLANG_WARN_NON_LITERAL_NULL_CONVERSION = YES;
				CLANG_WARN_OBJC_LITERAL_CONVERSION = YES;
				CLANG_WARN_OBJC_ROOT_CLASS = YES_ERROR;
				CLANG_WARN_RANGE_LOOP_ANALYSIS = YES;
				CLANG_WARN_STRICT_PROTOTYPES = YES;
				CLANG_WARN_SUSPICIOUS_MOVE = YES;
				CLANG_WARN_UNGUARDED_AVAILABILITY = YES_AGGRESSIVE;
				CLANG_WARN_UNREACHABLE_CODE = YES;
				CLANG_WARN__DUPLICATE_METHOD_MATCH = YES;
				CODE_SIGN_IDENTITY = "iPhone Developer";
				COPY_PHASE_STRIP = NO;
				DEBUG_INFORMATION_FORMAT = dwarf;
				ENABLE_STRICT_OBJC_MSGSEND = YES;
				ENABLE_TESTABILITY = YES;
				GCC_C_LANGUAGE_STANDARD = gnu11;
				GCC_DYNAMIC_NO_PIC = NO;
				GCC_NO_COMMON_BLOCKS = YES;
				GCC_OPTIMIZATION_LEVEL = 0;
				GCC_PREPROCESSOR_DEFINITIONS = (
					"DEBUG=1",
					"$(inherited)",
				);
				GCC_WARN_64_TO_32_BIT_CONVERSION = YES;
				GCC_WARN_ABOUT_RETURN_TYPE = YES_ERROR;
				GCC_WARN_UNDECLARED_SELECTOR = YES;
				GCC_WARN_UNINITIALIZED_AUTOS = YES_AGGRESSIVE;
				GCC_WARN_UNUSED_FUNCTION = YES;
				GCC_WARN_UNUSED_VARIABLE = YES;
				IPHONEOS_DEPLOYMENT_TARGET = 11.2;
				MTL_ENABLE_DEBUG_INFO = YES;
				ONLY_ACTIVE_ARCH = YES;
				SDKROOT = iphoneos;
			};
			name = Debug;
		};
		6B53A503200F5D1A004D0877 /* Release */ = {
			isa = XCBuildConfiguration;
			buildSettings = {
				ALWAYS_SEARCH_USER_PATHS = NO;
				CLANG_ANALYZER_NONNULL = YES;
				CLANG_ANALYZER_NUMBER_OBJECT_CONVERSION = YES_AGGRESSIVE;
				CLANG_CXX_LANGUAGE_STANDARD = "gnu++14";
				CLANG_CXX_LIBRARY = "libc++";
				CLANG_ENABLE_MODULES = YES;
				CLANG_ENABLE_OBJC_ARC = YES;
				CLANG_WARN_BLOCK_CAPTURE_AUTORELEASING = YES;
				CLANG_WARN_BOOL_CONVERSION = YES;
				CLANG_WARN_COMMA = YES;
				CLANG_WARN_CONSTANT_CONVERSION = YES;
				CLANG_WARN_DIRECT_OBJC_ISA_USAGE = YES_ERROR;
				CLANG_WARN_DOCUMENTATION_COMMENTS = YES;
				CLANG_WARN_EMPTY_BODY = YES;
				CLANG_WARN_ENUM_CONVERSION = YES;
				CLANG_WARN_INFINITE_RECURSION = YES;
				CLANG_WARN_INT_CONVERSION = YES;
				CLANG_WARN_NON_LITERAL_NULL_CONVERSION = YES;
				CLANG_WARN_OBJC_LITERAL_CONVERSION = YES;
				CLANG_WARN_OBJC_ROOT_CLASS = YES_ERROR;
				CLANG_WARN_RANGE_LOOP_ANALYSIS = YES;
				CLANG_WARN_STRICT_PROTOTYPES = YES;
				CLANG_WARN_SUSPICIOUS_MOVE = YES;
				CLANG_WARN_UNGUARDED_AVAILABILITY = YES_AGGRESSIVE;
				CLANG_WARN_UNREACHABLE_CODE = YES;
				CLANG_WARN__DUPLICATE_METHOD_MATCH = YES;
				CODE_SIGN_IDENTITY = "iPhone Developer";
				COPY_PHASE_STRIP = NO;
				DEBUG_INFORMATION_FORMAT = "dwarf-with-dsym";
				ENABLE_NS_ASSERTIONS = NO;
				ENABLE_STRICT_OBJC_MSGSEND = YES;
				GCC_C_LANGUAGE_STANDARD = gnu11;
				GCC_NO_COMMON_BLOCKS = YES;
				GCC_WARN_64_TO_32_BIT_CONVERSION = YES;
				GCC_WARN_ABOUT_RETURN_TYPE = YES_ERROR;
				GCC_WARN_UNDECLARED_SELECTOR = YES;
				GCC_WARN_UNINITIALIZED_AUTOS = YES_AGGRESSIVE;
				GCC_WARN_UNUSED_FUNCTION = YES;
				GCC_WARN_UNUSED_VARIABLE = YES;
				IPHONEOS_DEPLOYMENT_TARGET = 11.2;
				MTL_ENABLE_DEBUG_INFO = NO;
				SDKROOT = iphoneos;
				VALIDATE_PRODUCT = YES;
			};
			name = Release;
		};
		6B53A505200F5D1A004D0877 /* Debug */ = {
			isa = XCBuildConfiguration;
			baseConfigurationReference = FCB175FD85D9B497F20CDEB8 /* Pods-DMPlayer.debug.xcconfig */;
			buildSettings = {
				ASSETCATALOG_COMPILER_APPICON_NAME = AppIcon;
				CODE_SIGN_STYLE = Manual;
				DEVELOPMENT_TEAM = XWNPFKK4U5;
				INFOPLIST_FILE = DMPlayer/Info.plist;
				IPHONEOS_DEPLOYMENT_TARGET = 8.0;
				LD_RUNPATH_SEARCH_PATHS = "$(inherited) @executable_path/Frameworks";
				PRODUCT_BUNDLE_IDENTIFIER = com.ll.DMPlayer;
				PRODUCT_NAME = "$(TARGET_NAME)";
				PROVISIONING_PROFILE = "c3edb0b4-c573-465a-a1f7-26cfed9ec28b";
				PROVISIONING_PROFILE_SPECIFIER = all_20171024;
				TARGETED_DEVICE_FAMILY = "1,2";
			};
			name = Debug;
		};
		6B53A506200F5D1A004D0877 /* Release */ = {
			isa = XCBuildConfiguration;
			baseConfigurationReference = 0ED297515B5F3FB5AAD9DC28 /* Pods-DMPlayer.release.xcconfig */;
			buildSettings = {
				ASSETCATALOG_COMPILER_APPICON_NAME = AppIcon;
				CODE_SIGN_STYLE = Manual;
				DEVELOPMENT_TEAM = "";
				INFOPLIST_FILE = DMPlayer/Info.plist;
				IPHONEOS_DEPLOYMENT_TARGET = 8.0;
				LD_RUNPATH_SEARCH_PATHS = "$(inherited) @executable_path/Frameworks";
				PRODUCT_BUNDLE_IDENTIFIER = com.ll.DMPlayer;
				PRODUCT_NAME = "$(TARGET_NAME)";
				PROVISIONING_PROFILE_SPECIFIER = "";
				TARGETED_DEVICE_FAMILY = "1,2";
			};
			name = Release;
		};
/* End XCBuildConfiguration section */

/* Begin XCConfigurationList section */
		6B53A4E9200F5D1A004D0877 /* Build configuration list for PBXProject "DMPlayer" */ = {
			isa = XCConfigurationList;
			buildConfigurations = (
				6B53A502200F5D1A004D0877 /* Debug */,
				6B53A503200F5D1A004D0877 /* Release */,
			);
			defaultConfigurationIsVisible = 0;
			defaultConfigurationName = Release;
		};
		6B53A504200F5D1A004D0877 /* Build configuration list for PBXNativeTarget "DMPlayer" */ = {
			isa = XCConfigurationList;
			buildConfigurations = (
				6B53A505200F5D1A004D0877 /* Debug */,
				6B53A506200F5D1A004D0877 /* Release */,
			);
			defaultConfigurationIsVisible = 0;
			defaultConfigurationName = Release;
		};
/* End XCConfigurationList section */
	};
	rootObject = 6B53A4E6200F5D1A004D0877 /* Project object */;
}
